{"SurveyEntry":{"SurveyID":"SV_dhiXPSvVHERLCPI","SurveyName":"eLife assessments","SurveyDescription":null,"SurveyOwnerID":"UR_eDrAjGUf9up0o9o","SurveyBrandID":"melbourneuni","DivisionID":"DV_cGQSR2H92qxuiXz","SurveyLanguage":"EN","SurveyActiveResponseSet":"RS_8hKjhRaTJYiCBPo","SurveyStatus":"Active","SurveyStartDate":"0000-00-00 00:00:00","SurveyExpirationDate":"0000-00-00 00:00:00","SurveyCreationDate":"2023-02-09 20:32:44","CreatorID":"UR_eDrAjGUf9up0o9o","LastModified":"2023-06-12 18:29:08","LastAccessed":"0000-00-00 00:00:00","LastActivated":"2023-06-06 01:21:08","Deleted":null},"SurveyElements":[{"SurveyID":"SV_dhiXPSvVHERLCPI","Element":"BL","PrimaryAttribute":"Survey Blocks","SecondaryAttribute":null,"TertiaryAttribute":null,"Payload":[{"Type":"Default","Description":"elife_signif","ID":"BL_bIcxUSk4XqtSIVo","BlockElements":[{"Type":"Question","QuestionID":"QID36"},{"Type":"Question","QuestionID":"QID2"},{"Type":"Question","QuestionID":"QID7"},{"Type":"Question","QuestionID":"QID8"},{"Type":"Question","QuestionID":"QID9"},{"Type":"Question","QuestionID":"QID10"}],"Options":{"BlockLocking":"false","RandomizeQuestions":"Advanced","BlockVisibility":"Collapsed","Randomization":{"Advanced":{"FixedOrder":["QID26","{~SubSet~}","{~SubSet~}","{~SubSet~}","{~SubSet~}","{~SubSet~}"],"RandomizeAll":[],"RandomSubSet":["QID2","QID7","QID8","QID9","QID10"],"Undisplayed":[],"TotalRandSubset":5,"QuestionsPerPage":"1"},"EvenPresentation":true},"PreviousButton":"","previousButtonMID":"","NextButton":"Next","nextButtonMID":"","previousButtonLibraryID":"","nextButtonLibraryID":""}},{"Type":"Trash","Description":"Trash \/ Unused Questions","ID":"BL_dbBRda57LmJEaNw","BlockElements":[{"Type":"Question","QuestionID":"QID6"},{"Type":"Question","QuestionID":"QID4"},{"Type":"Question","QuestionID":"QID26"}]},{"Type":"Standard","SubType":"","Description":"elife_support","ID":"BL_5otmKvgOavHkXMa","BlockElements":[{"Type":"Question","QuestionID":"QID27"},{"Type":"Question","QuestionID":"QID1"},{"Type":"Question","QuestionID":"QID11"},{"Type":"Question","QuestionID":"QID12"},{"Type":"Question","QuestionID":"QID13"},{"Type":"Question","QuestionID":"QID14"},{"Type":"Question","QuestionID":"QID15"}],"Options":{"BlockLocking":"false","RandomizeQuestions":"Advanced","BlockVisibility":"Collapsed","Randomization":{"Advanced":{"FixedOrder":["QID27","{~SubSet~}","{~SubSet~}","{~SubSet~}","{~SubSet~}","{~SubSet~}","{~SubSet~}"],"RandomizeAll":[],"RandomSubSet":["QID1","QID11","QID12","QID13","QID14","QID15"],"Undisplayed":[],"TotalRandSubset":6,"QuestionsPerPage":"1"},"EvenPresentation":true},"PreviousButton":"","previousButtonMID":"","NextButton":"Next","nextButtonMID":"","previousButtonLibraryID":"","nextButtonLibraryID":""}},{"Type":"Standard","SubType":"","Description":"alt_import","ID":"BL_cwrtZ8OgyP3CvzM","BlockElements":[{"Type":"Question","QuestionID":"QID28"},{"Type":"Question","QuestionID":"QID3"},{"Type":"Question","QuestionID":"QID16"},{"Type":"Question","QuestionID":"QID17"},{"Type":"Question","QuestionID":"QID18"},{"Type":"Question","QuestionID":"QID19"}],"Options":{"BlockLocking":"false","RandomizeQuestions":"Advanced","BlockVisibility":"Collapsed","Randomization":{"Advanced":{"FixedOrder":["QID28","{~SubSet~}","{~SubSet~}","{~SubSet~}","{~SubSet~}","{~SubSet~}"],"RandomizeAll":[],"RandomSubSet":["QID3","QID16","QID17","QID18","QID19"],"Undisplayed":[],"TotalRandSubset":5,"QuestionsPerPage":"1"},"EvenPresentation":true},"PreviousButton":"","previousButtonMID":"","NextButton":"Next","nextButtonMID":"","previousButtonLibraryID":"","nextButtonLibraryID":""}},{"Type":"Standard","SubType":"","Description":"alt_support","ID":"BL_42D63xfqe8V6fFY","Options":{"BlockLocking":"false","RandomizeQuestions":"Advanced","BlockVisibility":"Collapsed","Randomization":{"Advanced":{"FixedOrder":["QID29","{~SubSet~}","{~SubSet~}","{~SubSet~}","{~SubSet~}","{~SubSet~}"],"RandomizeAll":[],"RandomSubSet":["QID20","QID21","QID22","QID23","QID24"],"Undisplayed":[],"TotalRandSubset":5,"QuestionsPerPage":"1"},"EvenPresentation":true},"PreviousButton":"","previousButtonMID":"","NextButton":"Next","nextButtonMID":"","previousButtonLibraryID":"","nextButtonLibraryID":""},"BlockElements":[{"Type":"Question","QuestionID":"QID29"},{"Type":"Question","QuestionID":"QID20"},{"Type":"Question","QuestionID":"QID21"},{"Type":"Question","QuestionID":"QID22"},{"Type":"Question","QuestionID":"QID23"},{"Type":"Question","QuestionID":"QID24"}]},{"Type":"Standard","SubType":"","Description":"instructions","ID":"BL_cZ7X9OKIYVVFCLA","BlockElements":[{"Type":"Question","QuestionID":"QID31"},{"Type":"Question","QuestionID":"QID32"},{"Type":"Question","QuestionID":"QID5"}],"Options":{"BlockLocking":"false","RandomizeQuestions":"false","BlockVisibility":"Expanded"}},{"Type":"Standard","SubType":"","Description":"attention_checking","ID":"BL_ddmfO1LkvEPF1Ua","BlockElements":[{"Type":"Question","QuestionID":"QID35"},{"Type":"Question","QuestionID":"QID25"}],"Options":{"BlockLocking":"false","RandomizeQuestions":"false","BlockVisibility":"Collapsed"}},{"Type":"Standard","SubType":"","Description":"debriefing","ID":"BL_9zPQazYHGm34PSm","BlockElements":[{"Type":"Question","QuestionID":"QID30"}]},{"Type":"Standard","SubType":"","Description":"consent","ID":"BL_5BCayj4wHCclkwu","BlockElements":[{"Type":"Question","QuestionID":"QID33"}],"Options":{"BlockLocking":"false","RandomizeQuestions":"false","BlockVisibility":"Expanded"}},{"Type":"Standard","SubType":"","Description":"information","ID":"BL_dbcRulkyUUXaYB0","BlockElements":[{"Type":"Question","QuestionID":"QID34"}],"Options":{"BlockLocking":"false","RandomizeQuestions":"false","BlockVisibility":"Expanded"}}]},{"SurveyID":"SV_dhiXPSvVHERLCPI","Element":"FL","PrimaryAttribute":"Survey Flow","SecondaryAttribute":null,"TertiaryAttribute":null,"Payload":{"Type":"Root","FlowID":"FL_1","Flow":[{"Type":"Standard","ID":"BL_dbcRulkyUUXaYB0","FlowID":"FL_11","Autofill":[]},{"Type":"Standard","ID":"BL_5BCayj4wHCclkwu","FlowID":"FL_10","Autofill":[]},{"Type":"Standard","ID":"BL_cZ7X9OKIYVVFCLA","FlowID":"FL_6","Autofill":[]},{"Type":"BlockRandomizer","FlowID":"FL_7","SubSet":4,"EvenPresentation":true,"Flow":[{"Type":"Block","ID":"BL_bIcxUSk4XqtSIVo","FlowID":"FL_2","Autofill":[]},{"Type":"Standard","ID":"BL_5otmKvgOavHkXMa","FlowID":"FL_3","Autofill":[]},{"Type":"Standard","ID":"BL_cwrtZ8OgyP3CvzM","FlowID":"FL_4","Autofill":[]},{"Type":"Standard","ID":"BL_42D63xfqe8V6fFY","FlowID":"FL_5","Autofill":[]}]},{"Type":"Standard","ID":"BL_ddmfO1LkvEPF1Ua","FlowID":"FL_8","Autofill":[]},{"Type":"Standard","ID":"BL_9zPQazYHGm34PSm","FlowID":"FL_9","Autofill":[]}],"Properties":{"Count":11,"RemovedFieldsets":[]}}},{"SurveyID":"SV_dhiXPSvVHERLCPI","Element":"PL","PrimaryAttribute":"Preview Link","SecondaryAttribute":null,"TertiaryAttribute":null,"Payload":{"PreviewType":"Brand","PreviewID":"35adaf60-0f91-4551-8cb1-02bf82d3a4b9"}},{"SurveyID":"SV_dhiXPSvVHERLCPI","Element":"SO","PrimaryAttribute":"Survey Options","SecondaryAttribute":null,"TertiaryAttribute":null,"Payload":{"BackButton":"false","SaveAndContinue":"false","SurveyProtection":"PublicSurvey","BallotBoxStuffingPrevention":"false","NoIndex":"Yes","SecureResponseFiles":"true","SurveyExpiration":"None","SurveyTermination":"DisplayMessage","Header":"","Footer":"","ProgressBarDisplay":"None","PartialData":"+1 week","ValidationMessage":null,"PreviousButton":"","NextButton":"Next","SurveyTitle":"Qualtrics Survey | Qualtrics Experience Management","SkinLibrary":"melbourneuni","SkinType":"MQ","Skin":"melbourneuni1","NewScoring":1,"SurveyMetaDescription":"The most powerful, simple and trusted way to gather experience data. Start your journey to experience management and try a free account today.","EOSMessage":"MS_5uRUwitRzOLI6rk","ShowExportTags":"false","CollectGeoLocation":"false","PasswordProtection":"No","AnonymizeResponse":"Yes","RefererCheck":"No","BallotBoxStuffingPreventionBehavior":"DefaultMessage","BallotBoxStuffingPreventionMessage":null,"BallotBoxStuffingPreventionMessageLibrary":null,"BallotBoxStuffingPreventionURL":null,"RecaptchaV3":"false","ConfirmStart":false,"AutoConfirmStart":false,"RelevantID":"false","RelevantIDLockoutPeriod":"+30 days","UseCustomSurveyLinkCompletedMessage":null,"SurveyLinkCompletedMessage":null,"SurveyLinkCompletedMessageLibrary":null,"ResponseSummary":"No","EOSMessageLibrary":"UR_eDrAjGUf9up0o9o","EOSRedirectURL":"http:\/\/","EmailThankYou":"false","ThankYouEmailMessageLibrary":null,"ThankYouEmailMessage":null,"ValidateMessage":"false","ValidationMessageLibrary":null,"InactiveSurvey":"DefaultMessage","PartialDeletion":null,"PartialDataCloseAfter":"LastActivity","InactiveMessageLibrary":null,"InactiveMessage":null,"AvailableLanguages":{"EN":[]},"SurveyName":"eLife assessments","QuestionsPerPage":"1","RefererURL":"https:\/\/","ProtectSelectionIds":true}},{"SurveyID":"SV_dhiXPSvVHERLCPI","Element":"SCO","PrimaryAttribute":"Scoring","SecondaryAttribute":null,"TertiaryAttribute":null,"Payload":{"ScoringCategories":[],"ScoringCategoryGroups":[],"ScoringSummaryCategory":null,"ScoringSummaryAfterQuestions":0,"ScoringSummaryAfterSurvey":0,"DefaultScoringCategory":null,"AutoScoringCategory":null}},{"SurveyID":"SV_dhiXPSvVHERLCPI","Element":"PROJ","PrimaryAttribute":"CORE","SecondaryAttribute":null,"TertiaryAttribute":"1.1.0","Payload":{"ProjectCategory":"CORE","SchemaVersion":"1.1.0"}},{"SurveyID":"SV_dhiXPSvVHERLCPI","Element":"STAT","PrimaryAttribute":"Survey Statistics","SecondaryAttribute":null,"TertiaryAttribute":null,"Payload":{"MobileCompatible":true,"ID":"Survey Statistics"}},{"SurveyID":"SV_dhiXPSvVHERLCPI","Element":"QC","PrimaryAttribute":"Survey Question Count","SecondaryAttribute":"36","TertiaryAttribute":null,"Payload":null},{"SurveyID":"SV_dhiXPSvVHERLCPI","Element":"RS","PrimaryAttribute":"RS_8hKjhRaTJYiCBPo","SecondaryAttribute":"Default Response Set","TertiaryAttribute":null,"Payload":null},{"SurveyID":"SV_dhiXPSvVHERLCPI","Element":"SQ","PrimaryAttribute":"QID25","SecondaryAttribute":"Editor's summary This article is poorly written. ________________________________________________...","TertiaryAttribute":null,"Payload":{"QuestionText":"<strong>Editor's summary<\/strong><br>\n<br>\n<span style=\"color:#2980b9;\">This article is poorly written.<\/span><br>\n<br>\n_______________________________________________________________<br>\n<br>Please respond with \"80%\" to indicate that you are paying attention.","DefaultChoices":false,"DataExportTag":"attention_check","QuestionType":"Slider","Selector":"HSLIDER","DataVisibility":{"Private":false,"Hidden":false},"Configuration":{"QuestionDescriptionOption":"UseText","CSSliderMin":0,"CSSliderMax":100,"GridLines":10,"SnapToGrid":false,"NumDecimals":"0","ShowValue":true,"CustomStart":false,"NotApplicable":false,"MobileFirst":true},"QuestionDescription":"Editor's summary This article is poorly written. ________________________________________________...","Choices":{"1":{"Display":"&nbsp;"}},"ChoiceOrder":[1],"Validation":{"Settings":{"ForceResponse":"ON","ForceResponseType":"ON","Type":"None"}},"GradingData":[],"Language":[],"NextChoiceId":2,"NextAnswerId":1,"Labels":[],"QuestionID":"QID25"}},{"SurveyID":"SV_dhiXPSvVHERLCPI","Element":"SQ","PrimaryAttribute":"QID7","SecondaryAttribute":"Editor's summary This is a fundamental study. ___________________________________________________...","TertiaryAttribute":null,"Payload":{"QuestionText":"<strong>Editor's summary<\/strong><br>\n<br>\n<span style=\"color:#2980b9;\">This is a fundamental study.<\/span><br>\n<br>\n_______________________________________________________________<br>\n<br>\nHow <strong>significant<\/strong> is the study, according to the editor\u2019s summary?","DefaultChoices":false,"DataExportTag":"fundamental_signif","QuestionType":"Slider","Selector":"HSLIDER","DataVisibility":{"Private":false,"Hidden":false},"Configuration":{"QuestionDescriptionOption":"UseText","CSSliderMin":0,"CSSliderMax":100,"GridLines":10,"SnapToGrid":false,"NumDecimals":"0","ShowValue":true,"CustomStart":true,"SliderStartPositions":{"1":0},"NotApplicable":false,"MobileFirst":true},"QuestionDescription":"Editor's summary This is a fundamental study. ___________________________________________________...","Choices":{"1":{"Display":"&nbsp;"}},"ChoiceOrder":[1],"Validation":{"Settings":{"ForceResponse":"ON","ForceResponseType":"ON","Type":"None"}},"GradingData":[],"Language":[],"NextChoiceId":2,"NextAnswerId":1,"Labels":[],"QuestionID":"QID7"}},{"SurveyID":"SV_dhiXPSvVHERLCPI","Element":"SQ","PrimaryAttribute":"QID2","SecondaryAttribute":"Editor's summary This is a landmark study. ______________________________________________________...","TertiaryAttribute":null,"Payload":{"QuestionText":"<strong>Editor&#39;s summary<\/strong><br \/>\n<br \/>\n<span style=\"color:#2980b9;\">This is a landmark study.<\/span><br \/>\n<br \/>\n_______________________________________________________________<br \/>\n<br \/>\nHow <strong>significant<\/strong> is the study, according to the editor&rsquo;s summary?","DefaultChoices":false,"DataExportTag":"landmark_signif","QuestionType":"Slider","Selector":"HSLIDER","Configuration":{"QuestionDescriptionOption":"UseText","CSSliderMin":0,"CSSliderMax":100,"GridLines":10,"SnapToGrid":false,"NumDecimals":"0","ShowValue":true,"CustomStart":true,"NotApplicable":false,"MobileFirst":true,"SliderStartPositions":{"1":0}},"QuestionDescription":"Editor's summary This is a landmark study. ______________________________________________________...","Choices":{"1":{"Display":"&nbsp;"}},"ChoiceOrder":[1],"Validation":{"Settings":{"ForceResponse":"ON","ForceResponseType":"ON","Type":"None"}},"GradingData":[],"Language":[],"NextChoiceId":2,"NextAnswerId":1,"Labels":[],"QuestionID":"QID2","DataVisibility":{"Private":false,"Hidden":false}}},{"SurveyID":"SV_dhiXPSvVHERLCPI","Element":"SQ","PrimaryAttribute":"QID10","SecondaryAttribute":"Editor's summary This is a useful study. ________________________________________________________...","TertiaryAttribute":null,"Payload":{"QuestionText":"<strong>Editor's summary<\/strong><br>\n<br>\n<span style=\"color:#2980b9;\">This is a useful study.<\/span><br>\n<br>\n_______________________________________________________________<br>\n<br>\nHow <strong>significant<\/strong> is the study, according to the editor\u2019s summary?","DefaultChoices":false,"DataExportTag":"useful_signif","QuestionType":"Slider","Selector":"HSLIDER","DataVisibility":{"Private":false,"Hidden":false},"Configuration":{"QuestionDescriptionOption":"UseText","CSSliderMin":0,"CSSliderMax":100,"GridLines":10,"SnapToGrid":false,"NumDecimals":"0","ShowValue":true,"CustomStart":true,"SliderStartPositions":{"1":0},"NotApplicable":false,"MobileFirst":true},"QuestionDescription":"Editor's summary This is a useful study. ________________________________________________________...","Choices":{"1":{"Display":"&nbsp;"}},"ChoiceOrder":[1],"Validation":{"Settings":{"ForceResponse":"ON","ForceResponseType":"ON","Type":"None"}},"GradingData":[],"Language":[],"NextChoiceId":2,"NextAnswerId":1,"Labels":[],"QuestionID":"QID10"}},{"SurveyID":"SV_dhiXPSvVHERLCPI","Element":"SQ","PrimaryAttribute":"QID9","SecondaryAttribute":"Editor's summary This is a valuable study. ______________________________________________________...","TertiaryAttribute":null,"Payload":{"QuestionText":"<strong>Editor's summary<\/strong><br>\n<br>\n<span style=\"color:#2980b9;\">This is a valuable study.<\/span><br>\n<br>\n_______________________________________________________________<br>\n<br>\nHow <strong>significant<\/strong> is the study, according to the editor\u2019s summary?","DefaultChoices":false,"DataExportTag":"valuable_signif","QuestionType":"Slider","Selector":"HSLIDER","DataVisibility":{"Private":false,"Hidden":false},"Configuration":{"QuestionDescriptionOption":"UseText","CSSliderMin":0,"CSSliderMax":100,"GridLines":10,"SnapToGrid":false,"NumDecimals":"0","ShowValue":true,"CustomStart":true,"SliderStartPositions":{"1":0},"NotApplicable":false,"MobileFirst":true},"QuestionDescription":"Editor's summary This is a valuable study. ______________________________________________________...","Choices":{"1":{"Display":"&nbsp;"}},"ChoiceOrder":[1],"Validation":{"Settings":{"ForceResponse":"ON","ForceResponseType":"ON","Type":"None"}},"GradingData":[],"Language":[],"NextChoiceId":2,"NextAnswerId":1,"Labels":[],"QuestionID":"QID9"}},{"SurveyID":"SV_dhiXPSvVHERLCPI","Element":"SQ","PrimaryAttribute":"QID8","SecondaryAttribute":"Editor's summary This is an important study. ____________________________________________________...","TertiaryAttribute":null,"Payload":{"QuestionText":"<strong>Editor's summary<\/strong><br>\n<br>\n<span style=\"color:#2980b9;\">This is an important study.<\/span><br>\n<br>\n_______________________________________________________________<br>\n<br>\nHow <strong>significant<\/strong> is the study, according to the editor\u2019s summary?","DefaultChoices":false,"DataExportTag":"important_signif","QuestionType":"Slider","Selector":"HSLIDER","DataVisibility":{"Private":false,"Hidden":false},"Configuration":{"QuestionDescriptionOption":"UseText","CSSliderMin":0,"CSSliderMax":100,"GridLines":10,"SnapToGrid":false,"NumDecimals":"0","ShowValue":true,"CustomStart":true,"SliderStartPositions":{"1":0},"NotApplicable":false,"MobileFirst":true},"QuestionDescription":"Editor's summary This is an important study. ____________________________________________________...","Choices":{"1":{"Display":"&nbsp;"}},"ChoiceOrder":[1],"Validation":{"Settings":{"ForceResponse":"ON","ForceResponseType":"ON","Type":"None"}},"GradingData":[],"Language":[],"NextChoiceId":2,"NextAnswerId":1,"Labels":[],"QuestionID":"QID8"}},{"SurveyID":"SV_dhiXPSvVHERLCPI","Element":"SQ","PrimaryAttribute":"QID16","SecondaryAttribute":"Editor's summary This study has high importance. ________________________________________________...","TertiaryAttribute":null,"Payload":{"QuestionText":"<strong>Editor's summary<\/strong><br>\n<br>\n<span style=\"color:#2980b9;\">This study has high importance.<\/span><br>\n<br>\n_______________________________________________________________<br>\n<br>\nHow <strong>important<\/strong> is the study, according to the editor\u2019s summary?","DefaultChoices":false,"DataExportTag":"high_importance","QuestionType":"Slider","Selector":"HSLIDER","DataVisibility":{"Private":false,"Hidden":false},"Configuration":{"QuestionDescriptionOption":"UseText","CSSliderMin":0,"CSSliderMax":100,"GridLines":10,"SnapToGrid":false,"NumDecimals":"0","ShowValue":true,"CustomStart":false,"NotApplicable":false,"MobileFirst":true},"QuestionDescription":"Editor's summary This study has high importance. ________________________________________________...","Choices":{"1":{"Display":"&nbsp;"}},"ChoiceOrder":[1],"Validation":{"Settings":{"ForceResponse":"ON","ForceResponseType":"ON","Type":"None"}},"GradingData":[],"Language":[],"NextChoiceId":2,"NextAnswerId":1,"Labels":[],"QuestionID":"QID16"}},{"SurveyID":"SV_dhiXPSvVHERLCPI","Element":"SQ","PrimaryAttribute":"QID18","SecondaryAttribute":"Editor's summary This study has low importance. _________________________________________________...","TertiaryAttribute":null,"Payload":{"QuestionText":"<strong>Editor's summary<\/strong><br>\n<br>\n<span style=\"color:#2980b9;\">This study has low importance.<\/span><br>\n<br>\n_______________________________________________________________<br>\n<br>\nHow <strong>important<\/strong> is the study, according to the editor\u2019s summary?","DefaultChoices":false,"DataExportTag":"low_importance","QuestionType":"Slider","Selector":"HSLIDER","DataVisibility":{"Private":false,"Hidden":false},"Configuration":{"QuestionDescriptionOption":"UseText","CSSliderMin":0,"CSSliderMax":100,"GridLines":10,"SnapToGrid":false,"NumDecimals":"0","ShowValue":true,"CustomStart":false,"NotApplicable":false,"MobileFirst":true},"QuestionDescription":"Editor's summary This study has low importance. _________________________________________________...","Choices":{"1":{"Display":"&nbsp;"}},"ChoiceOrder":[1],"Validation":{"Settings":{"ForceResponse":"ON","ForceResponseType":"ON","Type":"None"}},"GradingData":[],"Language":[],"NextChoiceId":2,"NextAnswerId":1,"Labels":[],"QuestionID":"QID18"}},{"SurveyID":"SV_dhiXPSvVHERLCPI","Element":"SQ","PrimaryAttribute":"QID17","SecondaryAttribute":"Editor's summary This study has moderate importance. ____________________________________________...","TertiaryAttribute":null,"Payload":{"QuestionText":"<strong>Editor's summary<\/strong><br>\n<br>\n<span style=\"color:#2980b9;\">This study has moderate importance.<\/span><br>\n<br>\n_______________________________________________________________<br>\n<br>\nHow <strong>important<\/strong> is the study, according to the editor\u2019s summary?","DefaultChoices":false,"DataExportTag":"moderate_importance","QuestionType":"Slider","Selector":"HSLIDER","DataVisibility":{"Private":false,"Hidden":false},"Configuration":{"QuestionDescriptionOption":"UseText","CSSliderMin":0,"CSSliderMax":100,"GridLines":10,"SnapToGrid":false,"NumDecimals":"0","ShowValue":true,"CustomStart":false,"NotApplicable":false,"MobileFirst":true},"QuestionDescription":"Editor's summary This study has moderate importance. ____________________________________________...","Choices":{"1":{"Display":"&nbsp;"}},"ChoiceOrder":[1],"Validation":{"Settings":{"ForceResponse":"ON","ForceResponseType":"ON","Type":"None"}},"GradingData":[],"Language":[],"NextChoiceId":2,"NextAnswerId":1,"Labels":[],"QuestionID":"QID17"}},{"SurveyID":"SV_dhiXPSvVHERLCPI","Element":"SQ","PrimaryAttribute":"QID3","SecondaryAttribute":"Editor's summary This study has very high importance. ___________________________________________...","TertiaryAttribute":null,"Payload":{"QuestionText":"<strong>Editor's summary<\/strong><br>\n<br>\n<span style=\"color:#2980b9;\">This study has very high importance.<\/span><br>\n<br>\n_______________________________________________________________<br>\n<br>\nHow <strong>important<\/strong> is the study, according to the editor\u2019s summary?","DefaultChoices":false,"DataExportTag":"very_high_importance","QuestionType":"Slider","Selector":"HSLIDER","DataVisibility":{"Private":false,"Hidden":false},"Configuration":{"QuestionDescriptionOption":"UseText","CSSliderMin":0,"CSSliderMax":100,"GridLines":10,"SnapToGrid":false,"NumDecimals":"0","ShowValue":true,"CustomStart":false,"NotApplicable":false,"MobileFirst":true},"QuestionDescription":"Editor's summary This study has very high importance. ___________________________________________...","Choices":{"1":{"Display":"&nbsp;"}},"ChoiceOrder":[1],"Validation":{"Settings":{"ForceResponse":"ON","ForceResponseType":"ON","Type":"None"}},"GradingData":[],"Language":[],"NextChoiceId":2,"NextAnswerId":1,"Labels":[],"QuestionID":"QID3"}},{"SurveyID":"SV_dhiXPSvVHERLCPI","Element":"SQ","PrimaryAttribute":"QID19","SecondaryAttribute":"Editor's summary This study has very low importance. ____________________________________________...","TertiaryAttribute":null,"Payload":{"QuestionText":"<strong>Editor's summary<\/strong><br>\n<br>\n<span style=\"color:#2980b9;\">This study has very low importance.<\/span><br>\n<br>\n_______________________________________________________________<br>\n<br>\nHow <strong>important<\/strong> is the study, according to the editor\u2019s summary?","DefaultChoices":false,"DataExportTag":"very_low_importance","QuestionType":"Slider","Selector":"HSLIDER","DataVisibility":{"Private":false,"Hidden":false},"Configuration":{"QuestionDescriptionOption":"UseText","CSSliderMin":0,"CSSliderMax":100,"GridLines":10,"SnapToGrid":false,"NumDecimals":"0","ShowValue":true,"CustomStart":false,"NotApplicable":false,"MobileFirst":true},"QuestionDescription":"Editor's summary This study has very low importance. ____________________________________________...","Choices":{"1":{"Display":"&nbsp;"}},"ChoiceOrder":[1],"Validation":{"Settings":{"ForceResponse":"ON","ForceResponseType":"ON","Type":"None"}},"GradingData":[],"Language":[],"NextChoiceId":2,"NextAnswerId":1,"Labels":[],"QuestionID":"QID19"}},{"SurveyID":"SV_dhiXPSvVHERLCPI","Element":"SQ","PrimaryAttribute":"QID11","SecondaryAttribute":"Editor's summary This study provides compelling support. ________________________________________...","TertiaryAttribute":null,"Payload":{"QuestionText":"<strong>Editor's summary<\/strong><br>\n<br>\n<span style=\"color:#2980b9;\">This study provides compelling support.<\/span><br>\n<br>\n_______________________________________________________________<br>\n<br>\nHow much <strong>strength of support<\/strong> does the study provide, according to the editor\u2019s summary?","DefaultChoices":false,"DataExportTag":"compelling_support","QuestionType":"Slider","Selector":"HSLIDER","DataVisibility":{"Private":false,"Hidden":false},"Configuration":{"QuestionDescriptionOption":"UseText","CSSliderMin":0,"CSSliderMax":100,"GridLines":10,"SnapToGrid":false,"NumDecimals":"0","StarCount":5,"StarType":"discrete","ShowValue":true,"CustomStart":true,"SliderStartPositions":{"1":0},"NotApplicable":false,"MobileFirst":true},"QuestionDescription":"Editor's summary This study provides compelling support. ________________________________________...","Choices":{"1":{"Display":"&nbsp;"}},"ChoiceOrder":[1],"Validation":{"Settings":{"ForceResponse":"ON","ForceResponseType":"ON","Type":"None"}},"GradingData":[],"Language":[],"NextChoiceId":2,"NextAnswerId":1,"Labels":[],"QuestionID":"QID11"}},{"SurveyID":"SV_dhiXPSvVHERLCPI","Element":"SQ","PrimaryAttribute":"QID12","SecondaryAttribute":"Editor's summary This study provides convincing support. ________________________________________...","TertiaryAttribute":null,"Payload":{"QuestionText":"<strong>Editor's summary<\/strong><br>\n<br>\n<span style=\"color:#2980b9;\">This study provides convincing support.<\/span><br>\n<br>\n_______________________________________________________________<br>\n<br>\nHow much <strong>strength of support<\/strong> does the study provide, according to the editor\u2019s summary?","DefaultChoices":false,"DataExportTag":"convincing_support","QuestionType":"Slider","Selector":"HSLIDER","DataVisibility":{"Private":false,"Hidden":false},"Configuration":{"QuestionDescriptionOption":"UseText","CSSliderMin":0,"CSSliderMax":100,"GridLines":10,"SnapToGrid":false,"NumDecimals":"0","StarCount":5,"StarType":"discrete","ShowValue":true,"CustomStart":true,"SliderStartPositions":{"1":0},"NotApplicable":false,"MobileFirst":true},"QuestionDescription":"Editor's summary This study provides convincing support. ________________________________________...","Choices":{"1":{"Display":"&nbsp;"}},"ChoiceOrder":[1],"Validation":{"Settings":{"ForceResponse":"ON","ForceResponseType":"ON","Type":"None"}},"GradingData":[],"Language":[],"NextChoiceId":2,"NextAnswerId":1,"Labels":[],"QuestionID":"QID12"}},{"SurveyID":"SV_dhiXPSvVHERLCPI","Element":"SQ","PrimaryAttribute":"QID1","SecondaryAttribute":"Editor's summary This study provides exceptional support. _______________________________________...","TertiaryAttribute":null,"Payload":{"QuestionText":"<strong>Editor&#39;s summary<\/strong><br \/>\n<br \/>\n<span style=\"color:#2980b9;\">This study provides exceptional support.<\/span><br \/>\n<br \/>\n_______________________________________________________________<br \/>\n<br \/>\nHow much <strong>strength of support<\/strong> does the study provide, according to the editor&rsquo;s summary?","DefaultChoices":false,"DataExportTag":"exceptional_support","QuestionID":"QID1","QuestionType":"Slider","Selector":"HSLIDER","Configuration":{"QuestionDescriptionOption":"UseText","CSSliderMin":0,"CSSliderMax":100,"GridLines":10,"NumDecimals":"0","ShowValue":true,"SliderStartPositions":{"1":0},"StarCount":5,"StarType":"discrete","CustomStart":true,"NotApplicable":false,"MobileFirst":true,"SnapToGrid":false},"QuestionDescription":"Editor's summary This study provides exceptional support. _______________________________________...","Choices":{"1":{"Display":"&nbsp;"}},"ChoiceOrder":[1],"Validation":{"Settings":{"ForceResponse":"ON","ForceResponseType":"ON","Type":"None"}},"GradingData":[],"Language":[],"NextChoiceId":2,"NextAnswerId":1,"Labels":[],"DataVisibility":{"Private":false,"Hidden":false}}},{"SurveyID":"SV_dhiXPSvVHERLCPI","Element":"SQ","PrimaryAttribute":"QID6","SecondaryAttribute":"Editor's summary This study provides exceptional support. _______________________________________...","TertiaryAttribute":null,"Payload":{"QuestionText":"<strong>Editor&#39;s summary<\/strong><br \/>\n<br \/>\n<span style=\"color:#2980b9;\">This study provides exceptional support.<\/span><br \/>\n<br \/>\n_______________________________________________________________<br \/>\n<br \/>\nHow much <strong>strength of support<\/strong> does the study provide, according to the editor&rsquo;s summary?","DefaultChoices":false,"DataExportTag":"Q6","QuestionType":"Slider","Selector":"HSLIDER","DataVisibility":{"Private":false,"Hidden":false},"Configuration":{"QuestionDescriptionOption":"UseText","CSSliderMin":0,"CSSliderMax":100,"GridLines":10,"SnapToGrid":false,"NumDecimals":"0","StarCount":5,"StarType":"discrete","ShowValue":true,"CustomStart":true,"SliderStartPositions":{"1":0},"NotApplicable":false,"MobileFirst":true},"QuestionDescription":"Editor's summary This study provides exceptional support. _______________________________________...","Choices":{"1":{"Display":"&nbsp;"}},"ChoiceOrder":[1],"Validation":{"Settings":{"ForceResponse":"ON","ForceResponseType":"ON","Type":"None"}},"GradingData":[],"Language":[],"NextChoiceId":2,"NextAnswerId":1,"Labels":[],"QuestionID":"QID6"}},{"SurveyID":"SV_dhiXPSvVHERLCPI","Element":"SQ","PrimaryAttribute":"QID15","SecondaryAttribute":"Editor's summary This study provides inadequate support. ________________________________________...","TertiaryAttribute":null,"Payload":{"QuestionText":"<strong>Editor's summary<\/strong><br>\n<br>\n<span style=\"color:#2980b9;\">This study provides inadequate support.<\/span><br>\n<br>\n_______________________________________________________________<br>\n<br>\nHow much <strong>strength of support<\/strong> does the study provide, according to the editor\u2019s summary?","DefaultChoices":false,"DataExportTag":"inadequate_support","QuestionType":"Slider","Selector":"HSLIDER","DataVisibility":{"Private":false,"Hidden":false},"Configuration":{"QuestionDescriptionOption":"UseText","CSSliderMin":0,"CSSliderMax":100,"GridLines":10,"SnapToGrid":false,"NumDecimals":"0","StarCount":5,"StarType":"discrete","ShowValue":true,"CustomStart":true,"SliderStartPositions":{"1":0},"NotApplicable":false,"MobileFirst":true},"QuestionDescription":"Editor's summary This study provides inadequate support. ________________________________________...","Choices":{"1":{"Display":"&nbsp;"}},"ChoiceOrder":[1],"Validation":{"Settings":{"ForceResponse":"ON","ForceResponseType":"ON","Type":"None"}},"GradingData":[],"Language":[],"NextChoiceId":2,"NextAnswerId":1,"Labels":[],"QuestionID":"QID15"}},{"SurveyID":"SV_dhiXPSvVHERLCPI","Element":"SQ","PrimaryAttribute":"QID14","SecondaryAttribute":"Editor's summary This study provides incomplete support. ________________________________________...","TertiaryAttribute":null,"Payload":{"QuestionText":"<strong>Editor's summary<\/strong><br>\n<br>\n<span style=\"color:#2980b9;\">This study provides incomplete support.<\/span><br>\n<br>\n_______________________________________________________________<br>\n<br>\nHow much <strong>strength of support<\/strong> does the study provide, according to the editor\u2019s summary?","DefaultChoices":false,"DataExportTag":"incomplete_support","QuestionType":"Slider","Selector":"HSLIDER","DataVisibility":{"Private":false,"Hidden":false},"Configuration":{"QuestionDescriptionOption":"UseText","CSSliderMin":0,"CSSliderMax":100,"GridLines":10,"SnapToGrid":false,"NumDecimals":"0","StarCount":5,"StarType":"discrete","ShowValue":true,"CustomStart":true,"SliderStartPositions":{"1":0},"NotApplicable":false,"MobileFirst":true},"QuestionDescription":"Editor's summary This study provides incomplete support. ________________________________________...","Choices":{"1":{"Display":"&nbsp;"}},"ChoiceOrder":[1],"Validation":{"Settings":{"ForceResponse":"ON","ForceResponseType":"ON","Type":"None"}},"GradingData":[],"Language":[],"NextChoiceId":2,"NextAnswerId":1,"Labels":[],"QuestionID":"QID14"}},{"SurveyID":"SV_dhiXPSvVHERLCPI","Element":"SQ","PrimaryAttribute":"QID22","SecondaryAttribute":"Editor's summary This study provides moderate support. __________________________________________...","TertiaryAttribute":null,"Payload":{"QuestionText":"<strong>Editor's summary<\/strong><br>\n<br>\n<span style=\"color:#2980b9;\">This study provides moderate support.<\/span><br>\n<br>\n_______________________________________________________________<br>\n<br>\nHow much <strong>strength of support<\/strong> does the study provide, according to the editor\u2019s summary?","DefaultChoices":false,"DataExportTag":"moderate_support","QuestionType":"Slider","Selector":"HSLIDER","DataVisibility":{"Private":false,"Hidden":false},"Configuration":{"QuestionDescriptionOption":"UseText","CSSliderMin":0,"CSSliderMax":100,"GridLines":10,"SnapToGrid":false,"NumDecimals":"0","ShowValue":true,"CustomStart":false,"NotApplicable":false,"MobileFirst":true},"QuestionDescription":"Editor's summary This study provides moderate support. __________________________________________...","Choices":{"1":{"Display":"&nbsp;"}},"ChoiceOrder":[1],"Validation":{"Settings":{"ForceResponse":"ON","ForceResponseType":"ON","Type":"None"}},"GradingData":[],"Language":[],"NextChoiceId":2,"NextAnswerId":1,"Labels":[],"QuestionID":"QID22"}},{"SurveyID":"SV_dhiXPSvVHERLCPI","Element":"SQ","PrimaryAttribute":"QID13","SecondaryAttribute":"Editor's summary This study provides solid support. _____________________________________________...","TertiaryAttribute":null,"Payload":{"QuestionText":"<strong>Editor's summary<\/strong><br>\n<br>\n<span style=\"color:#2980b9;\">This study provides solid support.<\/span><br>\n<br>\n_______________________________________________________________<br>\n<br>\nHow much <strong>strength of support<\/strong> does the study provide, according to the editor\u2019s summary?","DefaultChoices":false,"DataExportTag":"solid_support","QuestionType":"Slider","Selector":"HSLIDER","DataVisibility":{"Private":false,"Hidden":false},"Configuration":{"QuestionDescriptionOption":"UseText","CSSliderMin":0,"CSSliderMax":100,"GridLines":10,"SnapToGrid":false,"NumDecimals":"0","StarCount":5,"StarType":"discrete","ShowValue":true,"CustomStart":true,"SliderStartPositions":{"1":0},"NotApplicable":false,"MobileFirst":true},"QuestionDescription":"Editor's summary This study provides solid support. _____________________________________________...","Choices":{"1":{"Display":"&nbsp;"}},"ChoiceOrder":[1],"Validation":{"Settings":{"ForceResponse":"ON","ForceResponseType":"ON","Type":"None"}},"GradingData":[],"Language":[],"NextChoiceId":2,"NextAnswerId":1,"Labels":[],"QuestionID":"QID13"}},{"SurveyID":"SV_dhiXPSvVHERLCPI","Element":"SQ","PrimaryAttribute":"QID21","SecondaryAttribute":"Editor's summary This study provides strong support. ____________________________________________...","TertiaryAttribute":null,"Payload":{"QuestionText":"<strong>Editor's summary<\/strong><br>\n<br>\n<span style=\"color:#2980b9;\">This study provides strong support.<\/span><br>\n<br>\n_______________________________________________________________<br>\n<br>\nHow much <strong>strength of support<\/strong> does the study provide, according to the editor\u2019s summary?","DefaultChoices":false,"DataExportTag":"strong_support","QuestionType":"Slider","Selector":"HSLIDER","DataVisibility":{"Private":false,"Hidden":false},"Configuration":{"QuestionDescriptionOption":"UseText","CSSliderMin":0,"CSSliderMax":100,"GridLines":10,"SnapToGrid":false,"NumDecimals":"0","ShowValue":true,"CustomStart":false,"NotApplicable":false,"MobileFirst":true},"QuestionDescription":"Editor's summary This study provides strong support. ____________________________________________...","Choices":{"1":{"Display":"&nbsp;"}},"ChoiceOrder":[1],"Validation":{"Settings":{"ForceResponse":"ON","ForceResponseType":"ON","Type":"None"}},"GradingData":[],"Language":[],"NextChoiceId":2,"NextAnswerId":1,"Labels":[],"QuestionID":"QID21"}},{"SurveyID":"SV_dhiXPSvVHERLCPI","Element":"SQ","PrimaryAttribute":"QID20","SecondaryAttribute":"Editor's summary This study provides very strong support. _______________________________________...","TertiaryAttribute":null,"Payload":{"QuestionText":"<strong>Editor's summary<\/strong><br>\n<br>\n<span style=\"color:#2980b9;\">This study provides very strong support.<\/span><br>\n<br>\n_______________________________________________________________<br>\n<br>\nHow much <strong>strength of support<\/strong> does the study provide, according to the editor\u2019s summary?","DefaultChoices":false,"DataExportTag":"very_strong_support","QuestionType":"Slider","Selector":"HSLIDER","DataVisibility":{"Private":false,"Hidden":false},"Configuration":{"QuestionDescriptionOption":"UseText","CSSliderMin":0,"CSSliderMax":100,"GridLines":10,"SnapToGrid":false,"NumDecimals":"0","ShowValue":true,"CustomStart":false,"NotApplicable":false,"MobileFirst":true},"QuestionDescription":"Editor's summary This study provides very strong support. _______________________________________...","Choices":{"1":{"Display":"&nbsp;"}},"ChoiceOrder":[1],"Validation":{"Settings":{"ForceResponse":"ON","ForceResponseType":"ON","Type":"None"}},"GradingData":[],"Language":[],"NextChoiceId":2,"NextAnswerId":1,"Labels":[],"QuestionID":"QID20"}},{"SurveyID":"SV_dhiXPSvVHERLCPI","Element":"SQ","PrimaryAttribute":"QID24","SecondaryAttribute":"Editor's summary This study provides very weak support. _________________________________________...","TertiaryAttribute":null,"Payload":{"QuestionText":"<strong>Editor's summary<\/strong><br>\n<br>\n<span style=\"color:#2980b9;\">This study provides very weak support.<\/span><br>\n<br>\n_______________________________________________________________<br>\n<br>\nHow much <strong>strength of support<\/strong> does the study provide, according to the editor\u2019s summary?","DefaultChoices":false,"DataExportTag":"very_weak_support","QuestionType":"Slider","Selector":"HSLIDER","DataVisibility":{"Private":false,"Hidden":false},"Configuration":{"QuestionDescriptionOption":"UseText","CSSliderMin":0,"CSSliderMax":100,"GridLines":10,"SnapToGrid":false,"NumDecimals":"0","ShowValue":true,"CustomStart":false,"NotApplicable":false,"MobileFirst":true},"QuestionDescription":"Editor's summary This study provides very weak support. _________________________________________...","Choices":{"1":{"Display":"&nbsp;"}},"ChoiceOrder":[1],"Validation":{"Settings":{"ForceResponse":"ON","ForceResponseType":"ON","Type":"None"}},"GradingData":[],"Language":[],"NextChoiceId":2,"NextAnswerId":1,"Labels":[],"QuestionID":"QID24"}},{"SurveyID":"SV_dhiXPSvVHERLCPI","Element":"SQ","PrimaryAttribute":"QID23","SecondaryAttribute":"Editor's summary This study provides weak support. ______________________________________________...","TertiaryAttribute":null,"Payload":{"QuestionText":"<strong>Editor's summary<\/strong><br>\n<br>\n<span style=\"color:#2980b9;\">This study provides weak support.<\/span><br>\n<br>\n_______________________________________________________________<br>\n<br>\nHow much <strong>strength of support<\/strong> does the study provide, according to the editor\u2019s summary?","DefaultChoices":false,"DataExportTag":"weak_support","QuestionType":"Slider","Selector":"HSLIDER","DataVisibility":{"Private":false,"Hidden":false},"Configuration":{"QuestionDescriptionOption":"UseText","CSSliderMin":0,"CSSliderMax":100,"GridLines":10,"SnapToGrid":false,"NumDecimals":"0","ShowValue":true,"CustomStart":false,"NotApplicable":false,"MobileFirst":true},"QuestionDescription":"Editor's summary This study provides weak support. ______________________________________________...","Choices":{"1":{"Display":"&nbsp;"}},"ChoiceOrder":[1],"Validation":{"Settings":{"ForceResponse":"ON","ForceResponseType":"ON","Type":"None"}},"GradingData":[],"Language":[],"NextChoiceId":2,"NextAnswerId":1,"Labels":[],"QuestionID":"QID23"}},{"SurveyID":"SV_dhiXPSvVHERLCPI","Element":"SQ","PrimaryAttribute":"QID4","SecondaryAttribute":"Editor's summaryThis study is very clearly written. _____________________________________________...","TertiaryAttribute":null,"Payload":{"QuestionText":"<strong>Editor&#39;s summary<\/strong><br \/>\n<br \/>\n<span style=\"color:#2980b9;\">This study is very clearly written.<\/span><br \/>\n<br \/>\n_______________________________________________________________<br \/>\n<br \/>\nHow <strong>clearly written<\/strong> is the study, according to the editor&rsquo;s summary?","DefaultChoices":false,"DataExportTag":"Q4","QuestionType":"Slider","Selector":"HSLIDER","DataVisibility":{"Private":false,"Hidden":false},"Configuration":{"QuestionDescriptionOption":"UseText","CSSliderMin":0,"CSSliderMax":100,"GridLines":10,"SnapToGrid":false,"NumDecimals":"0","ShowValue":true,"CustomStart":false,"NotApplicable":false,"MobileFirst":true},"QuestionDescription":"Editor's summaryThis study is very clearly written. _____________________________________________...","Choices":{"1":{"Display":"&nbsp;"}},"ChoiceOrder":[1],"Validation":{"Settings":{"ForceResponse":"OFF","Type":"None"}},"GradingData":[],"Language":[],"NextChoiceId":2,"NextAnswerId":1,"Labels":[],"QuestionID":"QID4"}},{"SurveyID":"SV_dhiXPSvVHERLCPI","Element":"SQ","PrimaryAttribute":"QID30","SecondaryAttribute":"Great job! That's the end of the study. Below you can find more information about the purpose of...","TertiaryAttribute":null,"Payload":{"QuestionText":"<span style=\"font-size:19px;\"><span style=\"font-family:Arial,Helvetica,sans-serif;\">Great job! That&#39;s the end of the study. Below you can find more information about the purpose of the study.<\/span><\/span><br \/>\n<br \/>\n<br \/>\n<img height=\"150\" src=\"https:\/\/melbourneuni.au1.qualtrics.com\/CP\/Graphic.php?IM=IM_dcdOsZHMh2ehChU\" style=\"width: 150px; height: 150px; float: right;\" width=\"150\" \/><span style=\"font-family:Arial,Helvetica,sans-serif;\"><span style=\"font-size:24px;\"><strong>Debriefing<\/strong><\/span><br \/>\n<br \/>\n<span style=\"font-size:19px;\"><strong>Project<\/strong>: Finding the right words to describe scientific studies<br \/>\n<br \/>\n<strong>Responsible Researcher<\/strong>: Dr. Tom Hardwicke<br \/>\n<strong>Tel<\/strong>: +61383444000<br \/>\n<strong>Email<\/strong>: tom.hardwicke@unimelb.edu.au<br \/>\n<br \/>\n<strong>Additional Researchers<\/strong>: Prof. Simine Vazire<br \/>\n<strong>Email<\/strong>: simine.vazire@unimelb.edu.au<br \/>\n<br \/>\nThank you for participating in this study investigating how people perceive words used to describe scientific studies. Previous research has found that people tend to perceive the same words in different ways. To avoid miscommunication, its important that we find the right words to describe scientific studies that are interpreted in the same way by different people.<br \/>\n<br \/>\nIn the study, we collected your interpretations of a set of words that are currently being used to describe scientific studies by an academic journal called eLife. We also presented you with a different set of words developed by our research team that we think will encourage more consistent interpretations. Ultimately, your contribution will help us to improve the communication of scientific research to the general public.<br \/>\n<br \/>\nThis research has been cleared by the Human Research Ethics Committee (ID: 26411). If you have any concerns about this project please contact the Executive Officer, Human Research Ethics, The University of Melbourne (Tel: 8344 2073; Fax: 9347 6739).<\/span><\/span>","DefaultChoices":false,"DataExportTag":"debrief","QuestionType":"DB","Selector":"TB","Configuration":{"QuestionDescriptionOption":"UseText"},"QuestionDescription":"Great job! That's the end of the study. Below you can find more information about the purpose of...","ChoiceOrder":[],"Validation":{"Settings":{"Type":"None"}},"GradingData":[],"Language":[],"NextChoiceId":4,"NextAnswerId":1,"QuestionID":"QID30","DataVisibility":{"Private":false,"Hidden":false}}},{"SurveyID":"SV_dhiXPSvVHERLCPI","Element":"SQ","PrimaryAttribute":"QID5","SecondaryAttribute":"Here\u2019s an example before we start. The editor\u2019s summary appears in blue. In this example, your t","TertiaryAttribute":null,"Payload":{"QuestionText":"<span style=\"font-size:19px;\"><span style=\"font-family:Arial,Helvetica,sans-serif;\">Here\u2019s an example before we start. The editor\u2019s summary appears in blue. In this example, your task is to rate how <strong>clearly written<\/strong> you think the article is based on the editor\u2019s summary statement. You can click and drag the slider to choose your response.&nbsp;<br><br>Practice using the slider now and then click next when you are ready to start the study. If you are having technical problems or anything is unclear, please contact tom.hardwicke@unimelb.edu.au<br>\n<br>\n<strong>Editor's summary<\/strong><br>\n<br>\n<span style=\"color:#2980b9;\">This article is very clearly written.<\/span><br>\n<br>\n_______________________________________________________________<br>\n<br>\nHow <strong>clearly written<\/strong> is the article, according to the editor\u2019s summary?<\/span><\/span>","DefaultChoices":false,"DataExportTag":"practice","QuestionType":"Slider","Selector":"HSLIDER","DataVisibility":{"Private":false,"Hidden":false},"Configuration":{"QuestionDescriptionOption":"UseText","CSSliderMin":0,"CSSliderMax":100,"GridLines":10,"SnapToGrid":false,"NumDecimals":"0","ShowValue":true,"CustomStart":false,"NotApplicable":false,"MobileFirst":true},"QuestionDescription":"Here\u2019s an example before we start. The editor\u2019s summary appears in blue. In this example, your ta...","Choices":{"1":{"Display":"&nbsp;"}},"ChoiceOrder":[1],"Validation":{"Settings":{"ForceResponse":"ON","ForceResponseType":"ON","Type":"None"}},"GradingData":[],"Language":[],"NextChoiceId":2,"NextAnswerId":1,"Labels":[],"QuestionID":"QID5"}},{"SurveyID":"SV_dhiXPSvVHERLCPI","Element":"SQ","PrimaryAttribute":"QID32","SecondaryAttribute":"Imagine that you visit the website of a scientific journal to read some articles reporting scient...","TertiaryAttribute":null,"Payload":{"QuestionText":"Imagine that you visit the website of a scientific journal to read some articles reporting scientific studies. You see that each article is accompanied by a short summary statement expressing the editor\u2019s opinion of the study reported in the article. <br><br>We are going to show you 22 statements describing the editor\u2019s opinion of 22 different research studies. For each statement, we\u2019d like you to tell us what you think about a particular aspect of the study using a slider on a scale ranging from 0 to 100%.\n<br>","DefaultChoices":false,"DataExportTag":"instructions_2","QuestionID":"QID32","QuestionType":"DB","Selector":"TB","Configuration":{"QuestionDescriptionOption":"UseText"},"QuestionDescription":"Imagine that you visit the website of a scientific journal to read some articles reporting scient...","ChoiceOrder":["4","5","6","7","8"],"Validation":{"Settings":{"Type":"None"}},"GradingData":[],"Language":[],"NextChoiceId":9,"NextAnswerId":1}},{"SurveyID":"SV_dhiXPSvVHERLCPI","Element":"SQ","PrimaryAttribute":"QID33","SecondaryAttribute":"Please read through the information below\u00a0and then click 'next' at the bottom of the page to prov..","TertiaryAttribute":null,"Payload":{"QuestionText":"<span style=\"font-family:Arial,Helvetica,sans-serif;\"><span style=\"font-size:19px;\">Please read through the information below&nbsp;and then click &#39;next&#39; at the bottom of the page to provide consent for your participation in the study.<\/span><br \/>\n<br \/>\n<br \/>\n<br \/>\n<img height=\"150\" src=\"https:\/\/melbourneuni.au1.qualtrics.com\/CP\/Graphic.php?IM=IM_dcdOsZHMh2ehChU\" style=\"width: 150px; height: 150px; float: right;\" width=\"150\" \/><br \/>\n<strong><span style=\"font-size:24px;\">Consent form<\/span><br \/>\n<br \/>\n<span style=\"font-size:19px;\">Project<\/span><\/strong><span style=\"font-size:19px;\">: Finding the right words to describe scientific studies<br \/>\n<br \/>\n<strong>Responsible Researcher<\/strong>: Dr. Tom Hardwicke<br \/>\n<strong>Tel<\/strong>: +61383444000<br \/>\n<strong>Email<\/strong>: tom.hardwicke@unimelb.edu.au<br \/>\n<br \/>\n<strong>Additional Researcher<\/strong>: Prof. Simine Vazire<br \/>\n<strong>Email<\/strong>: simine.vazire@unimelb.edu.au<br \/>\n<br \/>\n1. I consent to participate in this project, the details of which have been explained to me, and I have been provided with a written plain language statement to keep.<br \/>\n<br \/>\n2. I understand that the purpose of this research is to investigate how short descriptions of scientific studies are perceived by readers.<br \/>\n<br \/>\n3. I understand that my participation in this project is for research purposes only.<br \/>\n<br \/>\n4. I acknowledge that the possible effects of participating in this research project have been explained to my satisfaction.<br \/>\n<br \/>\n5. In this project I will be required to read short descriptions of scientific studies and share my opinion about them.<br \/>\n<br \/>\n6. I understand that my participation is voluntary and that I am free to withdraw from this project anytime without explanation or prejudice.<br \/>\n<br \/>\n7. I understand that none of my personal data (such as names, addresses or e-mail addresses) will be collected, and this means the data I provide cannot be identified or deleted after the data collection has been completed.<br \/>\n<br \/>\n8. I understand that after completion, the anonymous data collected during this study will be made publicly available in an online data repository in order to facilitate reuse and verification by other scientists.<\/span><\/span>","DefaultChoices":false,"DataExportTag":"consent_form","QuestionType":"DB","Selector":"TB","Configuration":{"QuestionDescriptionOption":"UseText"},"QuestionDescription":"Please read through the information below\u00a0and then click 'next' at the bottom of the page to prov...","ChoiceOrder":[],"Validation":{"Settings":{"Type":"None"}},"GradingData":[],"Language":[],"NextChoiceId":4,"NextAnswerId":1,"QuestionID":"QID33"}},{"SurveyID":"SV_dhiXPSvVHERLCPI","Element":"SQ","PrimaryAttribute":"QID34","SecondaryAttribute":"Please read through the information below\u00a0and then click 'next' at the bottom of the page. Plain...","TertiaryAttribute":null,"Payload":{"QuestionText":"<span style=\"font-family:Arial,Helvetica,sans-serif;\"><span style=\"font-size:19px;\">Please read through the information below&nbsp;and then click 'next' at the bottom of the page.<\/span><\/span><br>\n<br>\n<br>\n<br>\n<font face=\"Arial, Helvetica, sans-serif\"><span style=\"width: 150px; height: 150px; float: right;\"><img width=\"150\" style=\"width: 150px; height: 150px; float: right;\" src=\"https:\/\/melbourneuni.au1.qualtrics.com\/CP\/Graphic.php?IM=IM_dcdOsZHMh2ehChU\" height=\"150\"><\/span><\/font><strong><font size=\"5\" face=\"Arial, Helvetica, sans-serif\">Plain language summary<\/font><br>\n<br>\n<span style=\"font-family: Arial, Helvetica, sans-serif; font-size: 19px;\">Project<\/span><\/strong><span style=\"font-family: Arial, Helvetica, sans-serif; font-size: 19px;\">: Finding the right words to describe scientific studies<br>\n<br>\n<strong>Responsible Researcher<\/strong>: Dr. Tom Hardwicke<br>\n<strong>Tel<\/strong>: +61383444000<br>\n<strong>Email<\/strong>: tom.hardwicke@unimelb.edu.au<br>\n<br>\n<strong>Additional Researcher<\/strong>: Prof. Simine Vazire<br>\n<strong>Email<\/strong>: simine.vazire@unimelb.edu.au<\/span>\n<h1><br>\n<span style=\"font-family:Arial,Helvetica,sans-serif;\"><span style=\"font-size:19px;\"><strong>Introduction<\/strong><\/span><\/span><\/h1>\n<span style=\"font-family:Arial,Helvetica,sans-serif;\"> <span style=\"font-size:19px;\"> Thank you for your interest in participating in this research project. The following page will provide you with further information about the project, so that you can decide if you would like to take part in this research.<br>\n<br>\nPlease take the time to read this information carefully. You may ask questions (tom.hardwicke@unimelb.edu.au) about anything you don\u2019t understand or want to know more about.<br>\n<br>\nYour participation is voluntary. If you don\u2019t wish to take part, you don\u2019t have to. If you begin participating, you can also stop at any time.<\/span><\/span>\n\n<h1><br>\n<span style=\"font-family:Arial,Helvetica,sans-serif;\"><span style=\"font-size:19px;\"><strong>What is this research about?<\/strong><\/span><\/span><\/h1>\n<span style=\"font-family:Arial,Helvetica,sans-serif;\"> <span style=\"font-size:19px;\"> We are studying how people perceive words used to describe scientific studies so we can improve communication of research to the general public. <\/span><\/span>\n\n<h1><br>\n<span style=\"font-family:Arial,Helvetica,sans-serif;\"><span style=\"font-size:19px;\"><strong>What will I be asked to do?<\/strong><\/span><\/span><\/h1>\n<span style=\"font-family:Arial,Helvetica,sans-serif;\"> <span style=\"font-size:19px;\"> Should you agree to participate, you will be shown words or short paragraphs that describe scientific studies. You will then be asked to tell us about your perception of those studies, for example, how significant you think the findings are or how strong you think the findings are.<\/span><\/span>\n\n<h1><br>\n<span style=\"font-family:Arial,Helvetica,sans-serif;\"><span style=\"font-size:19px;\"><strong>What are the possible benefits?<\/strong><\/span><\/span><\/h1>\n<span style=\"font-family:Arial,Helvetica,sans-serif;\"> <span style=\"font-size:19px;\"> The research may help to improve the communication of scientific research. In compensation for your time, you will receive \u00a32.60 upon completion of the study.&nbsp;<\/span><\/span>\n\n<h1><br>\n<span style=\"font-family:Arial,Helvetica,sans-serif;\"><span style=\"font-size:19px;\"><strong>What are the possible risks?<\/strong><\/span><\/span><\/h1>\n<span style=\"font-family:Arial,Helvetica,sans-serif;\"> <span style=\"font-size:19px;\"> There are no anticipated risks involved in this research.<\/span><\/span>\n\n<h1><br>\n<span style=\"font-family:Arial,Helvetica,sans-serif;\"><span style=\"font-size:19px;\"><strong>Do I have to take part?<\/strong><\/span><\/span><\/h1>\n<span style=\"font-family:Arial,Helvetica,sans-serif;\"> <span style=\"font-size:19px;\"> No. Participation is completely voluntary. You can withdraw at any time. Note that if you decided to withdraw after completing the study, it will not be possible to delete the response data you have contributed. This is because we are not collecting any identifying information, so we cannot link individuals to the data they contributed.<\/span><\/span>\n\n<h1><br>\n<span style=\"font-family:Arial,Helvetica,sans-serif;\"><span style=\"font-size:19px;\"><strong>Will I hear about the results of this project?<\/strong><\/span><\/span><\/h1>\n<span style=\"font-family:Arial,Helvetica,sans-serif;\"> <span style=\"font-size:19px;\"> Upon completion, a report describing this study will be released on a publicly accessible preprint server (<a href=\"https:\/\/osf.io\/preprints\/metaarxiv\/\">https:\/\/osf.io\/preprints\/metaarxiv\/<\/a>) and submitted to a suitable academic journal for publication. Updates on the status of the project can be requested from Dr. Tom Hardwicke (tom.hardwicke@unimelb.edu.au).<\/span><\/span>\n\n<h1><br>\n<span style=\"font-family:Arial,Helvetica,sans-serif;\"><span style=\"font-size:19px;\"><strong>What will happen to information about me?<\/strong><\/span><\/span><\/h1>\n<span style=\"font-family:Arial,Helvetica,sans-serif;\"> <span style=\"font-size:19px;\"> None of your personal data (such as name, address, or e-mail address) will be collected. To assess whether you are eligible to take part in the study, we have used your previous responses to Prolific's screening questions which establish whether you speak fluent English, whether you are aged between 18\u201370 years, and whether you have completed your high school diploma \/ A-levels, or equivalent qualification. We will also record your responses to the word perception task described above. After study completion, the anonymous data collected during this study will be made publicly available in a secure online data repository (the Open Science Framework) and stored in perpetuity in order to facilitate reuse and verification by other scientists.<\/span><\/span>\n\n<h1><br>\n<span style=\"font-family:Arial,Helvetica,sans-serif;\"><span style=\"font-size:19px;\"><strong>Who is funding this project?<\/strong><\/span><\/span><\/h1>\n<span style=\"font-family:Arial,Helvetica,sans-serif;\"> <span style=\"font-size:19px;\"> The project is supported by internal funds ($AUD 1400) provided by the Melbourne School of Psychological Sciences.<\/span><\/span>\n\n<h1><br>\n<span style=\"font-family:Arial,Helvetica,sans-serif;\"><span style=\"font-size:19px;\"><strong>Where can I get further information?<\/strong><\/span><\/span><\/h1>\n<span style=\"font-family:Arial,Helvetica,sans-serif;\"> <span style=\"font-size:19px;\"> If you would like more information about the project, please contact the researchers: Dr. Tom Hardwicke (tom.hardwicke@unimelb.edu.au) or Prof. Simine Vazire (simine.vazire@unimelb.edu.au).<\/span><\/span>\n\n<h1><br>\n<span style=\"font-family:Arial,Helvetica,sans-serif;\"><span style=\"font-size:19px;\"><strong>Who can I contact if I have any concerns about the project?<\/strong><\/span><\/span><\/h1>\n<span style=\"font-family:Arial,Helvetica,sans-serif;\"> <span style=\"font-size:19px;\"> This project has human research ethics approval from The University of Melbourne (Ethics ID number 26411). If you have any concerns or complaints about the conduct of this research project, which you do not wish to discuss with the research team, you should contact the Research Integrity Administrator, Office of Research Ethics and Integrity, University of Melbourne, VIC 3010. Tel: +61&nbsp;8344&nbsp;1376 or Email: <a href=\"mailto:research-integrity@unimelb.edu.au\">research-integrity@unimelb.edu.au<\/a>. All complaints will be treated confidentially. In any correspondence please provide the name of the research team and\/or the name or ethics ID number of the research project.<br><\/span><\/span>","DefaultChoices":false,"DataExportTag":"information_sheet ","QuestionType":"DB","Selector":"TB","Configuration":{"QuestionDescriptionOption":"UseText"},"QuestionDescription":"Please read through the information below\u00a0and then click 'next' at the bottom of the page. Plain...","ChoiceOrder":["4","5","6","7","8"],"Validation":{"Settings":{"Type":"None"}},"GradingData":[],"Language":[],"NextChoiceId":9,"NextAnswerId":1,"QuestionID":"QID34"}},{"SurveyID":"SV_dhiXPSvVHERLCPI","Element":"SQ","PrimaryAttribute":"QID31","SecondaryAttribute":"Thank you for your participation in this study. Please ensure you are in a quiet, distraction-fre...","TertiaryAttribute":null,"Payload":{"QuestionText":"<span style=\"font-family:Arial,Helvetica,sans-serif;\"><span style=\"font-size:19px;\">Thank you for your participation in this study. <br><br>Please ensure you are in a quiet, distraction-free environment before starting the task. <br><br>Please give the task your full attention, it will only take about 10 minutes of your time. <br><br>Click next to continue.<\/span><\/span>","DefaultChoices":false,"DataExportTag":"instructions_1","QuestionID":"QID31","QuestionType":"DB","Selector":"TB","Configuration":{"QuestionDescriptionOption":"UseText"},"QuestionDescription":"Thank you for your participation in this study. Please ensure you are in a quiet, distraction-fre...","ChoiceOrder":[],"Validation":{"Settings":{"Type":"None"}},"GradingData":[],"Language":[],"NextChoiceId":4,"NextAnswerId":1,"DataVisibility":{"Private":false,"Hidden":false}}},{"SurveyID":"SV_dhiXPSvVHERLCPI","Element":"SQ","PrimaryAttribute":"QID35","SecondaryAttribute":"You will now see one statement about the writing clarity of one research article. This statement...","TertiaryAttribute":null,"Payload":{"QuestionText":"You will now see one statement about the <strong>writing clarity<\/strong> of one research article. This statement represents the journal editor\u2019s opinion about the <strong>writing clarity<\/strong>&nbsp;of the article.","DefaultChoices":false,"DataExportTag":"intro_attention_chec","QuestionType":"DB","Selector":"TB","DataVisibility":{"Private":false,"Hidden":false},"Configuration":{"QuestionDescriptionOption":"UseText"},"QuestionDescription":"You will now see one statement about the writing clarity of one research article. This statement...","ChoiceOrder":[],"Validation":{"Settings":{"Type":"None"}},"GradingData":[],"Language":[],"NextChoiceId":4,"NextAnswerId":1,"QuestionID":"QID35"}},{"SurveyID":"SV_dhiXPSvVHERLCPI","Element":"SQ","PrimaryAttribute":"QID28","SecondaryAttribute":"You will now see statements about the importance of 5 different research studies. These statement...","TertiaryAttribute":null,"Payload":{"QuestionText":"You will now see statements about the <strong>importance<\/strong> of 5 different research studies. These statements represent the journal editor&rsquo;s opinion about the <strong>importance<\/strong> of each of the study&rsquo;s main claims.","DefaultChoices":false,"DataExportTag":"intro_alt_import","QuestionType":"DB","Selector":"TB","DataVisibility":{"Private":false,"Hidden":false},"Configuration":{"QuestionDescriptionOption":"UseText"},"QuestionDescription":"You will now see statements about the importance of 5 different research studies. These statement...","ChoiceOrder":[],"Validation":{"Settings":{"Type":"None"}},"GradingData":[],"Language":[],"NextChoiceId":4,"NextAnswerId":1,"QuestionID":"QID28"}},{"SurveyID":"SV_dhiXPSvVHERLCPI","Element":"SQ","PrimaryAttribute":"QID26","SecondaryAttribute":"You will now see statements about the significance of 5 different research studies. These stateme...","TertiaryAttribute":null,"Payload":{"QuestionText":"You will now see statements about the <strong>significance<\/strong> of 5 different research studies. These statements represent the journal editor\u2019s opinion about the <strong>significance<\/strong> of each of the study\u2019s main claims.","DefaultChoices":false,"DataExportTag":"intro_elife_signif","QuestionID":"QID26","QuestionType":"DB","Selector":"TB","Configuration":{"QuestionDescriptionOption":"UseText"},"QuestionDescription":"You will now see statements about the significance of 5 different research studies. These stateme...","ChoiceOrder":[],"Validation":{"Settings":{"Type":"None"}},"GradingData":[],"Language":[],"NextChoiceId":4,"NextAnswerId":1,"DataVisibility":{"Private":false,"Hidden":false}}},{"SurveyID":"SV_dhiXPSvVHERLCPI","Element":"SQ","PrimaryAttribute":"QID36","SecondaryAttribute":"You will now see statements about the significance of 5 different research studies. These stateme...","TertiaryAttribute":null,"Payload":{"QuestionText":"You will now see statements about the <strong>significance<\/strong> of 5 different research studies. These statements represent the journal editor&rsquo;s opinion about the <strong>significance<\/strong> of each of the study&rsquo;s main claims.","DefaultChoices":false,"DataExportTag":"intro_elife_signif","QuestionType":"DB","Selector":"TB","DataVisibility":{"Private":false,"Hidden":false},"Configuration":{"QuestionDescriptionOption":"UseText"},"QuestionDescription":"You will now see statements about the significance of 5 different research studies. These stateme...","ChoiceOrder":[],"Validation":{"Settings":{"Type":"None"}},"GradingData":[],"Language":[],"NextChoiceId":4,"NextAnswerId":1,"QuestionID":"QID36"}},{"SurveyID":"SV_dhiXPSvVHERLCPI","Element":"SQ","PrimaryAttribute":"QID29","SecondaryAttribute":"You will now see statements about the strength of support offered by 5 different research studies...","TertiaryAttribute":null,"Payload":{"QuestionText":"You will now see statements about the <strong>strength of support<\/strong> offered by 5 different research studies. These statements represent the journal editor\u2019s opinion about the <strong>strength of support<\/strong> each study offers towards its main claims.","DefaultChoices":false,"DataExportTag":"intro_alt_support","QuestionType":"DB","Selector":"TB","DataVisibility":{"Private":false,"Hidden":false},"Configuration":{"QuestionDescriptionOption":"UseText"},"QuestionDescription":"You will now see statements about the strength of support offered by 5 different research studies...","ChoiceOrder":[],"Validation":{"Settings":{"Type":"None"}},"GradingData":[],"Language":[],"NextChoiceId":4,"NextAnswerId":1,"QuestionID":"QID29"}},{"SurveyID":"SV_dhiXPSvVHERLCPI","Element":"SQ","PrimaryAttribute":"QID27","SecondaryAttribute":"You will now see statements about the strength of support offered by 6 different research studies...","TertiaryAttribute":null,"Payload":{"QuestionText":"You will now see statements about the <strong>strength of support<\/strong> offered by 6 different research studies. These statements represent the journal editor\u2019s opinion about the <strong>strength of support&nbsp;<\/strong>each study offers towards its main claims.","DefaultChoices":false,"DataExportTag":"intro_elife_support","QuestionType":"DB","Selector":"TB","DataVisibility":{"Private":false,"Hidden":false},"Configuration":{"QuestionDescriptionOption":"UseText"},"QuestionDescription":"You will now see statements about the strength of support offered by 6 different research studies...","ChoiceOrder":[],"Validation":{"Settings":{"Type":"None"}},"GradingData":[],"Language":[],"NextChoiceId":4,"NextAnswerId":1,"QuestionID":"QID27"}}]}